
Microsoft Visual Studio Solution File, Format Version 12.00
# Visual Studio Version 16
VisualStudioVersion = 16.0.29306.81
MinimumVisualStudioVersion = 10.0.40219.1
Project("{FAE04EC0-301F-11D3-BF4B-00C04F79EFBC}") = "TrabHospital", "TrabHospital\TrabHospital.csproj", "{AB07F57D-81CF-44EA-81F4-844BF4C410C5}"
EndProject
Global
	GlobalSection(SolutionConfigurationPlatforms) = preSolution
		Debug|Any CPU = Debug|Any CPU
		Release|Any CPU = Release|Any CPU
	EndGlobalSection
	GlobalSection(ProjectConfigurationPlatforms) = postSolution
		{AB07F57D-81CF-44EA-81F4-844BF4C410C5}.Debug|Any CPU.ActiveCfg = Debug|Any CPU
		{AB07F57D-81CF-44EA-81F4-844BF4C410C5}.Debug|Any CPU.Build.0 = Debug|Any CPU
		{AB07F57D-81CF-44EA-81F4-844BF4C410C5}.Release|Any CPU.ActiveCfg = Release|Any CPU
		{AB07F57D-81CF-44EA-81F4-844BF4C410C5}.Release|Any CPU.Build.0 = Release|Any CPU
	EndGlobalSection
	GlobalSection(SolutionProperties) = preSolution
		HideSolutionNode = FALSE
	EndGlobalSection
	GlobalSection(ExtensibilityGlobals) = postSolution
		SolutionGuid = {DE9434AC-86EA-49D6-8F8D-2D920434B4CE}
	EndGlobalSection
EndGlobal
